// !$*UTF8*$!
{
	archiveVersion = 1;
	classes = {
	};
	objectVersion = 46;
	objects = {

/* Begin PBXBuildFile section */
		C2860B801DEACA8F0079A4FA /* AppDelegate.swift in Sources */ = {isa = PBXBuildFile; fileRef = C2860B7F1DEACA8F0079A4FA /* AppDelegate.swift */; };
		C2860B821DEACA8F0079A4FA /* ViewController.swift in Sources */ = {isa = PBXBuildFile; fileRef = C2860B811DEACA8F0079A4FA /* ViewController.swift */; };
		C2860B851DEACA8F0079A4FA /* Main.storyboard in Resources */ = {isa = PBXBuildFile; fileRef = C2860B831DEACA8F0079A4FA /* Main.storyboard */; };
		C2860B871DEACA8F0079A4FA /* Assets.xcassets in Resources */ = {isa = PBXBuildFile; fileRef = C2860B861DEACA8F0079A4FA /* Assets.xcassets */; };
		C2860B8A1DEACA8F0079A4FA /* LaunchScreen.storyboard in Resources */ = {isa = PBXBuildFile; fileRef = C2860B881DEACA8F0079A4FA /* LaunchScreen.storyboard */; };
		C2860B951DEACA8F0079A4FA /* StopWatchTests.swift in Sources */ = {isa = PBXBuildFile; fileRef = C2860B941DEACA8F0079A4FA /* StopWatchTests.swift */; };
		C2860BA01DEACA8F0079A4FA /* StopWatchUITests.swift in Sources */ = {isa = PBXBuildFile; fileRef = C2860B9F1DEACA8F0079A4FA /* StopWatchUITests.swift */; };
/* End PBXBuildFile section */

/* Begin PBXContainerItemProxy section */
		C2860B911DEACA8F0079A4FA /* PBXContainerItemProxy */ = {
			isa = PBXContainerItemProxy;
			containerPortal = C2860B741DEACA8F0079A4FA /* Project object */;
			proxyType = 1;
			remoteGlobalIDString = C2860B7B1DEACA8F0079A4FA;
			remoteInfo = StopWatch;
		};
		C2860B9C1DEACA8F0079A4FA /* PBXContainerItemProxy */ = {
			isa = PBXContainerItemProxy;
			containerPortal = C2860B741DEACA8F0079A4FA /* Project object */;
			proxyType = 1;
			remoteGlobalIDString = C2860B7B1DEACA8F0079A4FA;
			remoteInfo = StopWatch;
		};
/* End PBXContainerItemProxy section */

/* Begin PBXFileReference section */
		C2860B7C1DEACA8F0079A4FA /* StopWatch.app */ = {isa = PBXFileReference; explicitFileType = wrapper.application; includeInIndex = 0; path = StopWatch.app; sourceTree = BUILT_PRODUCTS_DIR; };
		C2860B7F1DEACA8F0079A4FA /* AppDelegate.swift */ = {isa = PBXFileReference; lastKnownFileType = sourcecode.swift; path = AppDelegate.swift; sourceTree = "<group>"; };
		C2860B811DEACA8F0079A4FA /* ViewController.swift */ = {isa = PBXFileReference; lastKnownFileType = sourcecode.swift; path = ViewController.swift; sourceTree = "<group>"; };
		C2860B841DEACA8F0079A4FA /* Base */ = {isa = PBXFileReference; lastKnownFileType = file.storyboard; name = Base; path = Base.lproj/Main.storyboard; sourceTree = "<group>"; };
		C2860B861DEACA8F0079A4FA /* Assets.xcassets */ = {isa = PBXFileReference; lastKnownFileType = folder.assetcatalog; path = Assets.xcassets; sourceTree = "<group>"; };
		C2860B891DEACA8F0079A4FA /* Base */ = {isa = PBXFileReference; lastKnownFileType = file.storyboard; name = Base; path = Base.lproj/LaunchScreen.storyboard; sourceTree = "<group>"; };
		C2860B8B1DEACA8F0079A4FA /* Info.plist */ = {isa = PBXFileReference; lastKnownFileType = text.plist.xml; path = Info.plist; sourceTree = "<group>"; };
		C2860B901DEACA8F0079A4FA /* StopWatchTests.xctest */ = {isa = PBXFileReference; explicitFileType = wrapper.cfbundle; includeInIndex = 0; path = StopWatchTests.xctest; sourceTree = BUILT_PRODUCTS_DIR; };
		C2860B941DEACA8F0079A4FA /* StopWatchTests.swift */ = {isa = PBXFileReference; lastKnownFileType = sourcecode.swift; path = StopWatchTests.swift; sourceTree = "<group>"; };
		C2860B961DEACA8F0079A4FA /* Info.plist */ = {isa = PBXFileReference; lastKnownFileType = text.plist.xml; path = Info.plist; sourceTree = "<group>"; };
		C2860B9B1DEACA8F0079A4FA /* StopWatchUITests.xctest */ = {isa = PBXFileReference; explicitFileType = wrapper.cfbundle; includeInIndex = 0; path = StopWatchUITests.xctest; sourceTree = BUILT_PRODUCTS_DIR; };
		C2860B9F1DEACA8F0079A4FA /* StopWatchUITests.swift */ = {isa = PBXFileReference; lastKnownFileType = sourcecode.swift; path = StopWatchUITests.swift; sourceTree = "<group>"; };
		C2860BA11DEACA8F0079A4FA /* Info.plist */ = {isa = PBXFileReference; lastKnownFileType = text.plist.xml; path = Info.plist; sourceTree = "<group>"; };
/* End PBXFileReference section */

/* Begin PBXFrameworksBuildPhase section */
		C2860B791DEACA8F0079A4FA /* Frameworks */ = {
			isa = PBXFrameworksBuildPhase;
			buildActionMask = 2147483647;
			files = (
			);
			runOnlyForDeploymentPostprocessing = 0;
		};
		C2860B8D1DEACA8F0079A4FA /* Frameworks */ = {
			isa = PBXFrameworksBuildPhase;
			buildActionMask = 2147483647;
			files = (
			);
			runOnlyForDeploymentPostprocessing = 0;
		};
		C2860B981DEACA8F0079A4FA /* Frameworks */ = {
			isa = PBXFrameworksBuildPhase;
			buildActionMask = 2147483647;
			files = (
			);
			runOnlyForDeploymentPostprocessing = 0;
		};
/* End PBXFrameworksBuildPhase section */

/* Begin PBXGroup section */
		C2860B731DEACA8F0079A4FA = {
			isa = PBXGroup;
			children = (
				C2860B7E1DEACA8F0079A4FA /* StopWatch */,
				C2860B931DEACA8F0079A4FA /* StopWatchTests */,
				C2860B9E1DEACA8F0079A4FA /* StopWatchUITests */,
				C2860B7D1DEACA8F0079A4FA /* Products */,
			);
			sourceTree = "<group>";
		};
		C2860B7D1DEACA8F0079A4FA /* Products */ = {
			isa = PBXGroup;
			children = (
				C2860B7C1DEACA8F0079A4FA /* StopWatch.app */,
				C2860B901DEACA8F0079A4FA /* StopWatchTests.xctest */,
				C2860B9B1DEACA8F0079A4FA /* StopWatchUITests.xctest */,
			);
			name = Products;
			sourceTree = "<group>";
		};
		C2860B7E1DEACA8F0079A4FA /* StopWatch */ = {
			isa = PBXGroup;
			children = (
				C2860B7F1DEACA8F0079A4FA /* AppDelegate.swift */,
				C2860B811DEACA8F0079A4FA /* ViewController.swift */,
				C2860B831DEACA8F0079A4FA /* Main.storyboard */,
				C2860B861DEACA8F0079A4FA /* Assets.xcassets */,
				C2860B881DEACA8F0079A4FA /* LaunchScreen.storyboard */,
				C2860B8B1DEACA8F0079A4FA /* Info.plist */,
			);
			path = StopWatch;
			sourceTree = "<group>";
		};
		C2860B931DEACA8F0079A4FA /* StopWatchTests */ = {
			isa = PBXGroup;
			children = (
				C2860B941DEACA8F0079A4FA /* StopWatchTests.swift */,
				C2860B961DEACA8F0079A4FA /* Info.plist */,
			);
			path = StopWatchTests;
			sourceTree = "<group>";
		};
		C2860B9E1DEACA8F0079A4FA /* StopWatchUITests */ = {
			isa = PBXGroup;
			children = (
				C2860B9F1DEACA8F0079A4FA /* StopWatchUITests.swift */,
				C2860BA11DEACA8F0079A4FA /* Info.plist */,
			);
			path = StopWatchUITests;
			sourceTree = "<group>";
		};
/* End PBXGroup section */

/* Begin PBXNativeTarget section */
		C2860B7B1DEACA8F0079A4FA /* StopWatch */ = {
			isa = PBXNativeTarget;
			buildConfigurationList = C2860BA41DEACA8F0079A4FA /* Build configuration list for PBXNativeTarget "StopWatch" */;
			buildPhases = (
				C2860B781DEACA8F0079A4FA /* Sources */,
				C2860B791DEACA8F0079A4FA /* Frameworks */,
				C2860B7A1DEACA8F0079A4FA /* Resources */,
			);
			buildRules = (
			);
			dependencies = (
			);
			name = StopWatch;
			productName = StopWatch;
			productReference = C2860B7C1DEACA8F0079A4FA /* StopWatch.app */;
			productType = "com.apple.product-type.application";
		};
		C2860B8F1DEACA8F0079A4FA /* StopWatchTests */ = {
			isa = PBXNativeTarget;
			buildConfigurationList = C2860BA71DEACA8F0079A4FA /* Build configuration list for PBXNativeTarget "StopWatchTests" */;
			buildPhases = (
				C2860B8C1DEACA8F0079A4FA /* Sources */,
				C2860B8D1DEACA8F0079A4FA /* Frameworks */,
				C2860B8E1DEACA8F0079A4FA /* Resources */,
			);
			buildRules = (
			);
			dependencies = (
				C2860B921DEACA8F0079A4FA /* PBXTargetDependency */,
			);
			name = StopWatchTests;
			productName = StopWatchTests;
			productReference = C2860B901DEACA8F0079A4FA /* StopWatchTests.xctest */;
			productType = "com.apple.product-type.bundle.unit-test";
		};
		C2860B9A1DEACA8F0079A4FA /* StopWatchUITests */ = {
			isa = PBXNativeTarget;
			buildConfigurationList = C2860BAA1DEACA8F0079A4FA /* Build configuration list for PBXNativeTarget "StopWatchUITests" */;
			buildPhases = (
				C2860B971DEACA8F0079A4FA /* Sources */,
				C2860B981DEACA8F0079A4FA /* Frameworks */,
				C2860B991DEACA8F0079A4FA /* Resources */,
			);
			buildRules = (
			);
			dependencies = (
				C2860B9D1DEACA8F0079A4FA /* PBXTargetDependency */,
			);
			name = StopWatchUITests;
			productName = StopWatchUITests;
			productReference = C2860B9B1DEACA8F0079A4FA /* StopWatchUITests.xctest */;
			productType = "com.apple.product-type.bundle.ui-testing";
		};
/* End PBXNativeTarget section */

/* Begin PBXProject section */
		C2860B741DEACA8F0079A4FA /* Project object */ = {
			isa = PBXProject;
			attributes = {
				LastSwiftUpdateCheck = 0810;
				LastUpgradeCheck = 0810;
				ORGANIZATIONNAME = myname;
				TargetAttributes = {
					C2860B7B1DEACA8F0079A4FA = {
						CreatedOnToolsVersion = 8.1;
						ProvisioningStyle = Manual;
					};
					C2860B8F1DEACA8F0079A4FA = {
						CreatedOnToolsVersion = 8.1;
						ProvisioningStyle = Automatic;
						TestTargetID = C2860B7B1DEACA8F0079A4FA;
					};
					C2860B9A1DEACA8F0079A4FA = {
						CreatedOnToolsVersion = 8.1;
						ProvisioningStyle = Automatic;
						TestTargetID = C2860B7B1DEACA8F0079A4FA;
					};
				};
			};
			buildConfigurationList = C2860B771DEACA8F0079A4FA /* Build configuration list for PBXProject "StopWatch" */;
			compatibilityVersion = "Xcode 3.2";
			developmentRegion = English;
			hasScannedForEncodings = 0;
			knownRegions = (
				en,
				Base,
			);
			mainGroup = C2860B731DEACA8F0079A4FA;
			productRefGroup = C2860B7D1DEACA8F0079A4FA /* Products */;
			projectDirPath = "";
			projectRoot = "";
			targets = (
				C2860B7B1DEACA8F0079A4FA /* StopWatch */,
				C2860B8F1DEACA8F0079A4FA /* StopWatchTests */,
				C2860B9A1DEACA8F0079A4FA /* StopWatchUITests */,
			);
		};
/* End PBXProject section */

/* Begin PBXResourcesBuildPhase section */
		C2860B7A1DEACA8F0079A4FA /* Resources */ = {
			isa = PBXResourcesBuildPhase;
			buildActionMask = 2147483647;
			files = (
				C2860B8A1DEACA8F0079A4FA /* LaunchScreen.storyboard in Resources */,
				C2860B871DEACA8F0079A4FA /* Assets.xcassets in Resources */,
				C2860B851DEACA8F0079A4FA /* Main.storyboard in Resources */,
			);
			runOnlyForDeploymentPostprocessing = 0;
		};
		C2860B8E1DEACA8F0079A4FA /* Resources */ = {
			isa = PBXResourcesBuildPhase;
			buildActionMask = 2147483647;
			files = (
			);
			runOnlyForDeploymentPostprocessing = 0;
		};
		C2860B991DEACA8F0079A4FA /* Resources */ = {
			isa = PBXResourcesBuildPhase;
			buildActionMask = 2147483647;
			files = (
			);
			runOnlyForDeploymentPostprocessing = 0;
		};
/* End PBXResourcesBuildPhase section */

/* Begin PBXSourcesBuildPhase section */
		C2860B781DEACA8F0079A4FA /* Sources */ = {
			isa = PBXSourcesBuildPhase;
			buildActionMask = 2147483647;
			files = (
				C2860B821DEACA8F0079A4FA /* ViewController.swift in Sources */,
				C2860B801DEACA8F0079A4FA /* AppDelegate.swift in Sources */,
			);
			runOnlyForDeploymentPostprocessing = 0;
		};
		C2860B8C1DEACA8F0079A4FA /* Sources */ = {
			isa = PBXSourcesBuildPhase;
			buildActionMask = 2147483647;
			files = (
				C2860B951DEACA8F0079A4FA /* StopWatchTests.swift in Sources */,
			);
			runOnlyForDeploymentPostprocessing = 0;
		};
		C2860B971DEACA8F0079A4FA /* Sources */ = {
			isa = PBXSourcesBuildPhase;
			buildActionMask = 2147483647;
			files = (
				C2860BA01DEACA8F0079A4FA /* StopWatchUITests.swift in Sources */,
			);
			runOnlyForDeploymentPostprocessing = 0;
		};
/* End PBXSourcesBuildPhase section */

/* Begin PBXTargetDependency section */
		C2860B921DEACA8F0079A4FA /* PBXTargetDependency */ = {
			isa = PBXTargetDependency;
			target = C2860B7B1DEACA8F0079A4FA /* StopWatch */;
			targetProxy = C2860B911DEACA8F0079A4FA /* PBXContainerItemProxy */;
		};
		C2860B9D1DEACA8F0079A4FA /* PBXTargetDependency */ = {
			isa = PBXTargetDependency;
			target = C2860B7B1DEACA8F0079A4FA /* StopWatch */;
			targetProxy = C2860B9C1DEACA8F0079A4FA /* PBXContainerItemProxy */;
		};
/* End PBXTargetDependency section */

/* Begin PBXVariantGroup section */
		C2860B831DEACA8F0079A4FA /* Main.storyboard */ = {
			isa = PBXVariantGroup;
			children = (
				C2860B841DEACA8F0079A4FA /* Base */,
			);
			name = Main.storyboard;
			sourceTree = "<group>";
		};
		C2860B881DEACA8F0079A4FA /* LaunchScreen.storyboard */ = {
			isa = PBXVariantGroup;
			children = (
				C2860B891DEACA8F0079A4FA /* Base */,
			);
			name = LaunchScreen.storyboard;
			sourceTree = "<group>";
		};
/* End PBXVariantGroup section */

/* Begin XCBuildConfiguration section */
		C2860BA21DEACA8F0079A4FA /* Debug */ = {
			isa = XCBuildConfiguration;
			buildSettings = {
				ALWAYS_SEARCH_USER_PATHS = NO;
				CLANG_ANALYZER_NONNULL = YES;
				CLANG_CXX_LANGUAGE_STANDARD = "gnu++0x";
				CLANG_CXX_LIBRARY = "libc++";
				CLANG_ENABLE_MODULES = YES;
				CLANG_ENABLE_OBJC_ARC = YES;
				CLANG_WARN_BOOL_CONVERSION = YES;
				CLANG_WARN_CONSTANT_CONVERSION = YES;
				CLANG_WARN_DIRECT_OBJC_ISA_USAGE = YES_ERROR;
				CLANG_WARN_DOCUMENTATION_COMMENTS = YES;
				CLANG_WARN_EMPTY_BODY = YES;
				CLANG_WARN_ENUM_CONVERSION = YES;
				CLANG_WARN_INFINITE_RECURSION = YES;
				CLANG_WARN_INT_CONVERSION = YES;
				CLANG_WARN_OBJC_ROOT_CLASS = YES_ERROR;
				CLANG_WARN_SUSPICIOUS_MOVES = YES;
				CLANG_WARN_UNREACHABLE_CODE = YES;
				CLANG_WARN__DUPLICATE_METHOD_MATCH = YES;
				"CODE_SIGN_IDENTITY[sdk=iphoneos*]" = "iPhone Developer";
				COPY_PHASE_STRIP = NO;
				DEBUG_INFORMATION_FORMAT = dwarf;
				ENABLE_STRICT_OBJC_MSGSEND = YES;
				ENABLE_TESTABILITY = YES;
				GCC_C_LANGUAGE_STANDARD = gnu99;
				GCC_DYNAMIC_NO_PIC = NO;
				GCC_NO_COMMON_BLOCKS = YES;
				GCC_OPTIMIZATION_LEVEL = 0;
				GCC_PREPROCESSOR_DEFINITIONS = (
					"DEBUG=1",
					"$(inherited)",
				);
				GCC_WARN_64_TO_32_BIT_CONVERSION = YES;
				GCC_WARN_ABOUT_RETURN_TYPE = YES_ERROR;
				GCC_WARN_UNDECLARED_SELECTOR = YES;
				GCC_WARN_UNINITIALIZED_AUTOS = YES_AGGRESSIVE;
				GCC_WARN_UNUSED_FUNCTION = YES;
				GCC_WARN_UNUSED_VARIABLE = YES;
				IPHONEOS_DEPLOYMENT_TARGET = 10.1;
				MTL_ENABLE_DEBUG_INFO = YES;
				ONLY_ACTIVE_ARCH = YES;
				SDKROOT = iphoneos;
				SWIFT_ACTIVE_COMPILATION_CONDITIONS = DEBUG;
				SWIFT_OPTIMIZATION_LEVEL = "-Onone";
			};
			name = Debug;
		};
		C2860BA31DEACA8F0079A4FA /* Release */ = {
			isa = XCBuildConfiguration;
			buildSettings = {
				ALWAYS_SEARCH_USER_PATHS = NO;
				CLANG_ANALYZER_NONNULL = YES;
				CLANG_CXX_LANGUAGE_STANDARD = "gnu++0x";
				CLANG_CXX_LIBRARY = "libc++";
				CLANG_ENABLE_MODULES = YES;
				CLANG_ENABLE_OBJC_ARC = YES;
				CLANG_WARN_BOOL_CONVERSION = YES;
				CLANG_WARN_CONSTANT_CONVERSION = YES;
				CLANG_WARN_DIRECT_OBJC_ISA_USAGE = YES_ERROR;
				CLANG_WARN_DOCUMENTATION_COMMENTS = YES;
				CLANG_WARN_EMPTY_BODY = YES;
				CLANG_WARN_ENUM_CONVERSION = YES;
				CLANG_WARN_INFINITE_RECURSION = YES;
				CLANG_WARN_INT_CONVERSION = YES;
				CLANG_WARN_OBJC_ROOT_CLASS = YES_ERROR;
				CLANG_WARN_SUSPICIOUS_MOVES = YES;
				CLANG_WARN_UNREACHABLE_CODE = YES;
				CLANG_WARN__DUPLICATE_METHOD_MATCH = YES;
				"CODE_SIGN_IDENTITY[sdk=iphoneos*]" = "iPhone Developer";
				COPY_PHASE_STRIP = NO;
				DEBUG_INFORMATION_FORMAT = "dwarf-with-dsym";
				ENABLE_NS_ASSERTIONS = NO;
				ENABLE_STRICT_OBJC_MSGSEND = YES;
				GCC_C_LANGUAGE_STANDARD = gnu99;
				GCC_NO_COMMON_BLOCKS = YES;
				GCC_WARN_64_TO_32_BIT_CONVERSION = YES;
				GCC_WARN_ABOUT_RETURN_TYPE = YES_ERROR;
				GCC_WARN_UNDECLARED_SELECTOR = YES;
				GCC_WARN_UNINITIALIZED_AUTOS = YES_AGGRESSIVE;
				GCC_WARN_UNUSED_FUNCTION = YES;
				GCC_WARN_UNUSED_VARIABLE = YES;
				IPHONEOS_DEPLOYMENT_TARGET = 10.1;
				MTL_ENABLE_DEBUG_INFO = NO;
				SDKROOT = iphoneos;
				SWIFT_OPTIMIZATION_LEVEL = "-Owholemodule";
				VALIDATE_PRODUCT = YES;
			};
			name = Release;
		};
		C2860BA51DEACA8F0079A4FA /* Debug */ = {
			isa = XCBuildConfiguration;
			buildSettings = {
				ASSETCATALOG_COMPILER_APPICON_NAME = AppIcon;
				DEVELOPMENT_TEAM = "";
				INFOPLIST_FILE = StopWatch/Info.plist;
				LD_RUNPATH_SEARCH_PATHS = "$(inherited) @executable_path/Frameworks";
				PRODUCT_BUNDLE_IDENTIFIER = com.litech.StopWatch;
				PRODUCT_NAME = "$(TARGET_NAME)";
				PROVISIONING_PROFILE_SPECIFIER = "";
				SWIFT_VERSION = 3.0;
			};
			name = Debug;
		};
		C2860BA61DEACA8F0079A4FA /* Release */ = {
			isa = XCBuildConfiguration;
			buildSettings = {
				ASSETCATALOG_COMPILER_APPICON_NAME = AppIcon;
				DEVELOPMENT_TEAM = "";
				INFOPLIST_FILE = StopWatch/Info.plist;
				LD_RUNPATH_SEARCH_PATHS = "$(inherited) @executable_path/Frameworks";
				PRODUCT_BUNDLE_IDENTIFIER = com.litech.StopWatch;
				PRODUCT_NAME = "$(TARGET_NAME)";
				PROVISIONING_PROFILE_SPECIFIER = "";
				SWIFT_VERSION = 3.0;
			};
			name = Release;
		};
		C2860BA81DEACA8F0079A4FA /* Debug */ = {
			isa = XCBuildConfiguration;
			buildSettings = {
				ALWAYS_EMBED_SWIFT_STANDARD_LIBRARIES = YES;
				BUNDLE_LOADER = "$(TEST_HOST)";
				INFOPLIST_FILE = StopWatchTests/Info.plist;
				LD_RUNPATH_SEARCH_PATHS = "$(inherited) @executable_path/Frameworks @loader_path/Frameworks";
				PRODUCT_BUNDLE_IDENTIFIER = com.litech.StopWatchTests;
				PRODUCT_NAME = "$(TARGET_NAME)";
				SWIFT_VERSION = 3.0;
				TEST_HOST = "$(BUILT_PRODUCTS_DIR)/StopWatch.app/StopWatch";
			};
			name = Debug;
		};
		C2860BA91DEACA8F0079A4FA /* Release */ = {
			isa = XCBuildConfiguration;
			buildSettings = {
				ALWAYS_EMBED_SWIFT_STANDARD_LIBRARIES = YES;
				BUNDLE_LOADER = "$(TEST_HOST)";
				INFOPLIST_FILE = StopWatchTests/Info.plist;
				LD_RUNPATH_SEARCH_PATHS = "$(inherited) @executable_path/Frameworks @loader_path/Frameworks";
				PRODUCT_BUNDLE_IDENTIFIER = com.litech.StopWatchTests;
				PRODUCT_NAME = "$(TARGET_NAME)";
				SWIFT_VERSION = 3.0;
				TEST_HOST = "$(BUILT_PRODUCTS_DIR)/StopWatch.app/StopWatch";
			};
			name = Release;
		};
		C2860BAB1DEACA8F0079A4FA /* Debug */ = {
			isa = XCBuildConfiguration;
			buildSettings = {
				ALWAYS_EMBED_SWIFT_STANDARD_LIBRARIES = YES;
				INFOPLIST_FILE = StopWatchUITests/Info.plist;
				LD_RUNPATH_SEARCH_PATHS = "$(inherited) @executable_path/Frameworks @loader_path/Frameworks";
				PRODUCT_BUNDLE_IDENTIFIER = com.litech.StopWatchUITests;
				PRODUCT_NAME = "$(TARGET_NAME)";
				SWIFT_VERSION = 3.0;
				TEST_TARGET_NAME = StopWatch;
			};
			name = Debug;
		};
		C2860BAC1DEACA8F0079A4FA /* Release */ = {
			isa = XCBuildConfiguration;
			buildSettings = {
				ALWAYS_EMBED_SWIFT_STANDARD_LIBRARIES = YES;
				INFOPLIST_FILE = StopWatchUITests/Info.plist;
				LD_RUNPATH_SEARCH_PATHS = "$(inherited) @executable_path/Frameworks @loader_path/Frameworks";
				PRODUCT_BUNDLE_IDENTIFIER = com.litech.StopWatchUITests;
				PRODUCT_NAME = "$(TARGET_NAME)";
				SWIFT_VERSION = 3.0;
				TEST_TARGET_NAME = StopWatch;
			};
			name = Release;
		};
/* End XCBuildConfiguration section */

/* Begin XCConfigurationList section */
		C2860B771DEACA8F0079A4FA /* Build configuration list for PBXProject "StopWatch" */ = {
			isa = XCConfigurationList;
			buildConfigurations = (
				C2860BA21DEACA8F0079A4FA /* Debug */,
				C2860BA31DEACA8F0079A4FA /* Release */,
			);
			defaultConfigurationIsVisible = 0;
			defaultConfigurationName = Release;
		};
		C2860BA41DEACA8F0079A4FA /* Build configuration list for PBXNativeTarget "StopWatch" */ = {
			isa = XCConfigurationList;
			buildConfigurations = (
				C2860BA51DEACA8F0079A4FA /* Debug */,
				C2860BA61DEACA8F0079A4FA /* Release */,
			);
			defaultConfigurationIsVisible = 0;
			defaultConfigurationName = Release;
		};
		C2860BA71DEACA8F0079A4FA /* Build configuration list for PBXNativeTarget "StopWatchTests" */ = {
			isa = XCConfigurationList;
			buildConfigurations = (
				C2860BA81DEACA8F0079A4FA /* Debug */,
				C2860BA91DEACA8F0079A4FA /* Release */,
			);
			defaultConfigurationIsVisible = 0;
			defaultConfigurationName = Release;
		};
		C2860BAA1DEACA8F0079A4FA /* Build configuration list for PBXNativeTarget "StopWatchUITests" */ = {
			isa = XCConfigurationList;
			buildConfigurations = (
				C2860BAB1DEACA8F0079A4FA /* Debug */,
				C2860BAC1DEACA8F0079A4FA /* Release */,
			);
			defaultConfigurationIsVisible = 0;
			defaultConfigurationName = Release;
		};
/* End XCConfigurationList section */
	};
	rootObject = C2860B741DEACA8F0079A4FA /* Project object */;
}
